
Microsoft Visual Studio Solution File, Format Version 11.00
# Visual Studio 2010
Project("{FAE04EC0-301F-11D3-BF4B-00C04F79EFBC}") = "TMS", "TMS\TMS.csproj", "{9947A114-413A-440D-9EF0-D78FF441E116}"
EndProject
Project("{FAE04EC0-301F-11D3-BF4B-00C04F79EFBC}") = "TMS.DataModel", "TMS.DataModel\TMS.DataModel.csproj", "{0CA7D03F-262D-4AD7-9893-CB35ECD6A704}"
EndProject
Project("{FAE04EC0-301F-11D3-BF4B-00C04F79EFBC}") = "TMS.Repository", "TMS.Repository\TMS.Repository.csproj", "{689223EF-99BD-46A2-A312-00CE6CDF91DE}"
EndProject
Global
	GlobalSection(SolutionConfigurationPlatforms) = preSolution
		Debug|Any CPU = Debug|Any CPU
		Release|Any CPU = Release|Any CPU
	EndGlobalSection
	GlobalSection(ProjectConfigurationPlatforms) = postSolution
		{9947A114-413A-440D-9EF0-D78FF441E116}.Debug|Any CPU.ActiveCfg = Debug|Any CPU
		{9947A114-413A-440D-9EF0-D78FF441E116}.Debug|Any CPU.Build.0 = Debug|Any CPU
		{9947A114-413A-440D-9EF0-D78FF441E116}.Release|Any CPU.ActiveCfg = Release|Any CPU
		{9947A114-413A-440D-9EF0-D78FF441E116}.Release|Any CPU.Build.0 = Release|Any CPU
		{0CA7D03F-262D-4AD7-9893-CB35ECD6A704}.Debug|Any CPU.ActiveCfg = Debug|Any CPU
		{0CA7D03F-262D-4AD7-9893-CB35ECD6A704}.Debug|Any CPU.Build.0 = Debug|Any CPU
		{0CA7D03F-262D-4AD7-9893-CB35ECD6A704}.Release|Any CPU.ActiveCfg = Release|Any CPU
		{0CA7D03F-262D-4AD7-9893-CB35ECD6A704}.Release|Any CPU.Build.0 = Release|Any CPU
		{689223EF-99BD-46A2-A312-00CE6CDF91DE}.Debug|Any CPU.ActiveCfg = Debug|Any CPU
		{689223EF-99BD-46A2-A312-00CE6CDF91DE}.Debug|Any CPU.Build.0 = Debug|Any CPU
		{689223EF-99BD-46A2-A312-00CE6CDF91DE}.Release|Any CPU.ActiveCfg = Release|Any CPU
		{689223EF-99BD-46A2-A312-00CE6CDF91DE}.Release|Any CPU.Build.0 = Release|Any CPU
	EndGlobalSection
	GlobalSection(SolutionProperties) = preSolution
		HideSolutionNode = FALSE
	EndGlobalSection
EndGlobal
